{
  "name": "npm",
  "version": "1.0.0",
  "lockfileVersion": 2,
  "requires": true,
  "packages": {
    "": {
      "name": "npm",
      "version": "1.0.0",
      "license": "MIT",
      "dependencies": {
        "scad-js": "^0.5.0"
      }
    },
    "node_modules/scad-js": {
      "version": "0.5.0",
      "resolved": "https://registry.npmjs.org/scad-js/-/scad-js-0.5.0.tgz",
      "integrity": "sha512-ufw7uvV+EoRQdzYfxSgmQ/aXHaiDy+UIpmQ1cAVn+/iW9BmF8ENcP7zjL4aDNWnW1jito5NkPHk3soO1/ewaWA=="
    }
  },
  "dependencies": {
    "scad-js": {
      "version": "0.5.0",
      "resolved": "https://registry.npmjs.org/scad-js/-/scad-js-0.5.0.tgz",
      "integrity": "sha512-ufw7uvV+EoRQdzYfxSgmQ/aXHaiDy+UIpmQ1cAVn+/iW9BmF8ENcP7zjL4aDNWnW1jito5NkPHk3soO1/ewaWA=="
    }
  }
}
